// !$*UTF8*$!
{
	archiveVersion = 1;
	classes = {
	};
	objectVersion = 56;
	objects = {

/* Begin PBXBuildFile section */
		B8A2724F2AEB58B100607CFC /* testKakaoAppApp.swift in Sources */ = {isa = PBXBuildFile; fileRef = B8A2724E2AEB58B100607CFC /* testKakaoAppApp.swift */; };
		B8A272512AEB58B100607CFC /* Persistence.swift in Sources */ = {isa = PBXBuildFile; fileRef = B8A272502AEB58B100607CFC /* Persistence.swift */; };
		B8A272542AEB58B100607CFC /* testKakaoApp.xcdatamodeld in Sources */ = {isa = PBXBuildFile; fileRef = B8A272522AEB58B100607CFC /* testKakaoApp.xcdatamodeld */; };
		B8A272562AEB58B100607CFC /* ContentView.swift in Sources */ = {isa = PBXBuildFile; fileRef = B8A272552AEB58B100607CFC /* ContentView.swift */; };
		B8A272582AEB58B300607CFC /* Assets.xcassets in Resources */ = {isa = PBXBuildFile; fileRef = B8A272572AEB58B300607CFC /* Assets.xcassets */; };
		B8A2725C2AEB58B300607CFC /* Preview Assets.xcassets in Resources */ = {isa = PBXBuildFile; fileRef = B8A2725B2AEB58B300607CFC /* Preview Assets.xcassets */; };
		B8A272662AEB58B300607CFC /* testKakaoAppTests.swift in Sources */ = {isa = PBXBuildFile; fileRef = B8A272652AEB58B300607CFC /* testKakaoAppTests.swift */; };
		B8A272702AEB58B300607CFC /* testKakaoAppUITests.swift in Sources */ = {isa = PBXBuildFile; fileRef = B8A2726F2AEB58B300607CFC /* testKakaoAppUITests.swift */; };
		B8A272722AEB58B300607CFC /* testKakaoAppUITestsLaunchTests.swift in Sources */ = {isa = PBXBuildFile; fileRef = B8A272712AEB58B300607CFC /* testKakaoAppUITestsLaunchTests.swift */; };
/* End PBXBuildFile section */

/* Begin PBXContainerItemProxy section */
		B8A272622AEB58B300607CFC /* PBXContainerItemProxy */ = {
			isa = PBXContainerItemProxy;
			containerPortal = B8A272432AEB58B100607CFC /* Project object */;
			proxyType = 1;
			remoteGlobalIDString = B8A2724A2AEB58B100607CFC;
			remoteInfo = testKakaoApp;
		};
		B8A2726C2AEB58B300607CFC /* PBXContainerItemProxy */ = {
			isa = PBXContainerItemProxy;
			containerPortal = B8A272432AEB58B100607CFC /* Project object */;
			proxyType = 1;
			remoteGlobalIDString = B8A2724A2AEB58B100607CFC;
			remoteInfo = testKakaoApp;
		};
/* End PBXContainerItemProxy section */

/* Begin PBXFileReference section */
		B8A2724B2AEB58B100607CFC /* testKakaoApp.app */ = {isa = PBXFileReference; explicitFileType = wrapper.application; includeInIndex = 0; path = testKakaoApp.app; sourceTree = BUILT_PRODUCTS_DIR; };
		B8A2724E2AEB58B100607CFC /* testKakaoAppApp.swift */ = {isa = PBXFileReference; lastKnownFileType = sourcecode.swift; path = testKakaoAppApp.swift; sourceTree = "<group>"; };
		B8A272502AEB58B100607CFC /* Persistence.swift */ = {isa = PBXFileReference; lastKnownFileType = sourcecode.swift; path = Persistence.swift; sourceTree = "<group>"; };
		B8A272532AEB58B100607CFC /* testKakaoApp.xcdatamodel */ = {isa = PBXFileReference; lastKnownFileType = wrapper.xcdatamodel; path = testKakaoApp.xcdatamodel; sourceTree = "<group>"; };
		B8A272552AEB58B100607CFC /* ContentView.swift */ = {isa = PBXFileReference; lastKnownFileType = sourcecode.swift; path = ContentView.swift; sourceTree = "<group>"; };
		B8A272572AEB58B300607CFC /* Assets.xcassets */ = {isa = PBXFileReference; lastKnownFileType = folder.assetcatalog; path = Assets.xcassets; sourceTree = "<group>"; };
		B8A272592AEB58B300607CFC /* testKakaoApp.entitlements */ = {isa = PBXFileReference; lastKnownFileType = text.plist.entitlements; path = testKakaoApp.entitlements; sourceTree = "<group>"; };
		B8A2725B2AEB58B300607CFC /* Preview Assets.xcassets */ = {isa = PBXFileReference; lastKnownFileType = folder.assetcatalog; path = "Preview Assets.xcassets"; sourceTree = "<group>"; };
		B8A272612AEB58B300607CFC /* testKakaoAppTests.xctest */ = {isa = PBXFileReference; explicitFileType = wrapper.cfbundle; includeInIndex = 0; path = testKakaoAppTests.xctest; sourceTree = BUILT_PRODUCTS_DIR; };
		B8A272652AEB58B300607CFC /* testKakaoAppTests.swift */ = {isa = PBXFileReference; lastKnownFileType = sourcecode.swift; path = testKakaoAppTests.swift; sourceTree = "<group>"; };
		B8A2726B2AEB58B300607CFC /* testKakaoAppUITests.xctest */ = {isa = PBXFileReference; explicitFileType = wrapper.cfbundle; includeInIndex = 0; path = testKakaoAppUITests.xctest; sourceTree = BUILT_PRODUCTS_DIR; };
		B8A2726F2AEB58B300607CFC /* testKakaoAppUITests.swift */ = {isa = PBXFileReference; lastKnownFileType = sourcecode.swift; path = testKakaoAppUITests.swift; sourceTree = "<group>"; };
		B8A272712AEB58B300607CFC /* testKakaoAppUITestsLaunchTests.swift */ = {isa = PBXFileReference; lastKnownFileType = sourcecode.swift; path = testKakaoAppUITestsLaunchTests.swift; sourceTree = "<group>"; };
		B8A2727F2AEB7F2000607CFC /* Info.plist */ = {isa = PBXFileReference; lastKnownFileType = text.plist; path = Info.plist; sourceTree = "<group>"; };
		B8A272802AEB835200607CFC /* Config.xcconfig */ = {isa = PBXFileReference; lastKnownFileType = text.xcconfig; path = Config.xcconfig; sourceTree = "<group>"; };
/* End PBXFileReference section */

/* Begin PBXFrameworksBuildPhase section */
		B8A272482AEB58B100607CFC /* Frameworks */ = {
			isa = PBXFrameworksBuildPhase;
			buildActionMask = 2147483647;
			files = (
			);
			runOnlyForDeploymentPostprocessing = 0;
		};
		B8A2725E2AEB58B300607CFC /* Frameworks */ = {
			isa = PBXFrameworksBuildPhase;
			buildActionMask = 2147483647;
			files = (
			);
			runOnlyForDeploymentPostprocessing = 0;
		};
		B8A272682AEB58B300607CFC /* Frameworks */ = {
			isa = PBXFrameworksBuildPhase;
			buildActionMask = 2147483647;
			files = (
			);
			runOnlyForDeploymentPostprocessing = 0;
		};
/* End PBXFrameworksBuildPhase section */

/* Begin PBXGroup section */
		B8A272422AEB58B100607CFC = {
			isa = PBXGroup;
			children = (
				B8A2724D2AEB58B100607CFC /* testKakaoApp */,
				B8A272642AEB58B300607CFC /* testKakaoAppTests */,
				B8A2726E2AEB58B300607CFC /* testKakaoAppUITests */,
				B8A2724C2AEB58B100607CFC /* Products */,
			);
			sourceTree = "<group>";
		};
		B8A2724C2AEB58B100607CFC /* Products */ = {
			isa = PBXGroup;
			children = (
				B8A2724B2AEB58B100607CFC /* testKakaoApp.app */,
				B8A272612AEB58B300607CFC /* testKakaoAppTests.xctest */,
				B8A2726B2AEB58B300607CFC /* testKakaoAppUITests.xctest */,
			);
			name = Products;
			sourceTree = "<group>";
		};
		B8A2724D2AEB58B100607CFC /* testKakaoApp */ = {
			isa = PBXGroup;
			children = (
				B8A2727F2AEB7F2000607CFC /* Info.plist */,
				B8A272802AEB835200607CFC /* Config.xcconfig */,
				B8A2724E2AEB58B100607CFC /* testKakaoAppApp.swift */,
				B8A272502AEB58B100607CFC /* Persistence.swift */,
				B8A272552AEB58B100607CFC /* ContentView.swift */,
				B8A272572AEB58B300607CFC /* Assets.xcassets */,
				B8A272592AEB58B300607CFC /* testKakaoApp.entitlements */,
				B8A272522AEB58B100607CFC /* testKakaoApp.xcdatamodeld */,
				B8A2725A2AEB58B300607CFC /* Preview Content */,
			);
			path = testKakaoApp;
			sourceTree = "<group>";
		};
		B8A2725A2AEB58B300607CFC /* Preview Content */ = {
			isa = PBXGroup;
			children = (
				B8A2725B2AEB58B300607CFC /* Preview Assets.xcassets */,
			);
			path = "Preview Content";
			sourceTree = "<group>";
		};
		B8A272642AEB58B300607CFC /* testKakaoAppTests */ = {
			isa = PBXGroup;
			children = (
				B8A272652AEB58B300607CFC /* testKakaoAppTests.swift */,
			);
			path = testKakaoAppTests;
			sourceTree = "<group>";
		};
		B8A2726E2AEB58B300607CFC /* testKakaoAppUITests */ = {
			isa = PBXGroup;
			children = (
				B8A2726F2AEB58B300607CFC /* testKakaoAppUITests.swift */,
				B8A272712AEB58B300607CFC /* testKakaoAppUITestsLaunchTests.swift */,
			);
			path = testKakaoAppUITests;
			sourceTree = "<group>";
		};
/* End PBXGroup section */

/* Begin PBXNativeTarget section */
		B8A2724A2AEB58B100607CFC /* testKakaoApp */ = {
			isa = PBXNativeTarget;
			buildConfigurationList = B8A272752AEB58B300607CFC /* Build configuration list for PBXNativeTarget "testKakaoApp" */;
			buildPhases = (
				B8A272472AEB58B100607CFC /* Sources */,
				B8A272482AEB58B100607CFC /* Frameworks */,
				B8A272492AEB58B100607CFC /* Resources */,
			);
			buildRules = (
			);
			dependencies = (
			);
			name = testKakaoApp;
			productName = testKakaoApp;
			productReference = B8A2724B2AEB58B100607CFC /* testKakaoApp.app */;
			productType = "com.apple.product-type.application";
		};
		B8A272602AEB58B300607CFC /* testKakaoAppTests */ = {
			isa = PBXNativeTarget;
			buildConfigurationList = B8A272782AEB58B300607CFC /* Build configuration list for PBXNativeTarget "testKakaoAppTests" */;
			buildPhases = (
				B8A2725D2AEB58B300607CFC /* Sources */,
				B8A2725E2AEB58B300607CFC /* Frameworks */,
				B8A2725F2AEB58B300607CFC /* Resources */,
			);
			buildRules = (
			);
			dependencies = (
				B8A272632AEB58B300607CFC /* PBXTargetDependency */,
			);
			name = testKakaoAppTests;
			productName = testKakaoAppTests;
			productReference = B8A272612AEB58B300607CFC /* testKakaoAppTests.xctest */;
			productType = "com.apple.product-type.bundle.unit-test";
		};
		B8A2726A2AEB58B300607CFC /* testKakaoAppUITests */ = {
			isa = PBXNativeTarget;
			buildConfigurationList = B8A2727B2AEB58B300607CFC /* Build configuration list for PBXNativeTarget "testKakaoAppUITests" */;
			buildPhases = (
				B8A272672AEB58B300607CFC /* Sources */,
				B8A272682AEB58B300607CFC /* Frameworks */,
				B8A272692AEB58B300607CFC /* Resources */,
			);
			buildRules = (
			);
			dependencies = (
				B8A2726D2AEB58B300607CFC /* PBXTargetDependency */,
			);
			name = testKakaoAppUITests;
			productName = testKakaoAppUITests;
			productReference = B8A2726B2AEB58B300607CFC /* testKakaoAppUITests.xctest */;
			productType = "com.apple.product-type.bundle.ui-testing";
		};
/* End PBXNativeTarget section */

/* Begin PBXProject section */
		B8A272432AEB58B100607CFC /* Project object */ = {
			isa = PBXProject;
			attributes = {
				BuildIndependentTargetsInParallel = 1;
				LastSwiftUpdateCheck = 1500;
				LastUpgradeCheck = 1500;
				TargetAttributes = {
					B8A2724A2AEB58B100607CFC = {
						CreatedOnToolsVersion = 15.0.1;
					};
					B8A272602AEB58B300607CFC = {
						CreatedOnToolsVersion = 15.0.1;
						TestTargetID = B8A2724A2AEB58B100607CFC;
					};
					B8A2726A2AEB58B300607CFC = {
						CreatedOnToolsVersion = 15.0.1;
						TestTargetID = B8A2724A2AEB58B100607CFC;
					};
				};
			};
			buildConfigurationList = B8A272462AEB58B100607CFC /* Build configuration list for PBXProject "testKakaoApp" */;
			compatibilityVersion = "Xcode 14.0";
			developmentRegion = en;
			hasScannedForEncodings = 0;
			knownRegions = (
				en,
				Base,
			);
			mainGroup = B8A272422AEB58B100607CFC;
			packageReferences = (
				B8A2727E2AEB632F00607CFC /* XCRemoteSwiftPackageReference "kakao-ios-sdk" */,
			);
			productRefGroup = B8A2724C2AEB58B100607CFC /* Products */;
			projectDirPath = "";
			projectRoot = "";
			targets = (
				B8A2724A2AEB58B100607CFC /* testKakaoApp */,
				B8A272602AEB58B300607CFC /* testKakaoAppTests */,
				B8A2726A2AEB58B300607CFC /* testKakaoAppUITests */,
			);
		};
/* End PBXProject section */

/* Begin PBXResourcesBuildPhase section */
		B8A272492AEB58B100607CFC /* Resources */ = {
			isa = PBXResourcesBuildPhase;
			buildActionMask = 2147483647;
			files = (
				B8A2725C2AEB58B300607CFC /* Preview Assets.xcassets in Resources */,
				B8A272582AEB58B300607CFC /* Assets.xcassets in Resources */,
			);
			runOnlyForDeploymentPostprocessing = 0;
		};
		B8A2725F2AEB58B300607CFC /* Resources */ = {
			isa = PBXResourcesBuildPhase;
			buildActionMask = 2147483647;
			files = (
			);
			runOnlyForDeploymentPostprocessing = 0;
		};
		B8A272692AEB58B300607CFC /* Resources */ = {
			isa = PBXResourcesBuildPhase;
			buildActionMask = 2147483647;
			files = (
			);
			runOnlyForDeploymentPostprocessing = 0;
		};
/* End PBXResourcesBuildPhase section */

/* Begin PBXSourcesBuildPhase section */
		B8A272472AEB58B100607CFC /* Sources */ = {
			isa = PBXSourcesBuildPhase;
			buildActionMask = 2147483647;
			files = (
				B8A2724F2AEB58B100607CFC /* testKakaoAppApp.swift in Sources */,
				B8A272512AEB58B100607CFC /* Persistence.swift in Sources */,
				B8A272562AEB58B100607CFC /* ContentView.swift in Sources */,
				B8A272542AEB58B100607CFC /* testKakaoApp.xcdatamodeld in Sources */,
			);
			runOnlyForDeploymentPostprocessing = 0;
		};
		B8A2725D2AEB58B300607CFC /* Sources */ = {
			isa = PBXSourcesBuildPhase;
			buildActionMask = 2147483647;
			files = (
				B8A272662AEB58B300607CFC /* testKakaoAppTests.swift in Sources */,
			);
			runOnlyForDeploymentPostprocessing = 0;
		};
		B8A272672AEB58B300607CFC /* Sources */ = {
			isa = PBXSourcesBuildPhase;
			buildActionMask = 2147483647;
			files = (
				B8A272722AEB58B300607CFC /* testKakaoAppUITestsLaunchTests.swift in Sources */,
				B8A272702AEB58B300607CFC /* testKakaoAppUITests.swift in Sources */,
			);
			runOnlyForDeploymentPostprocessing = 0;
		};
/* End PBXSourcesBuildPhase section */

/* Begin PBXTargetDependency section */
		B8A272632AEB58B300607CFC /* PBXTargetDependency */ = {
			isa = PBXTargetDependency;
			target = B8A2724A2AEB58B100607CFC /* testKakaoApp */;
			targetProxy = B8A272622AEB58B300607CFC /* PBXContainerItemProxy */;
		};
		B8A2726D2AEB58B300607CFC /* PBXTargetDependency */ = {
			isa = PBXTargetDependency;
			target = B8A2724A2AEB58B100607CFC /* testKakaoApp */;
			targetProxy = B8A2726C2AEB58B300607CFC /* PBXContainerItemProxy */;
		};
/* End PBXTargetDependency section */

/* Begin XCBuildConfiguration section */
		B8A272732AEB58B300607CFC /* Debug */ = {
			isa = XCBuildConfiguration;
			buildSettings = {
				ALWAYS_SEARCH_USER_PATHS = NO;
				ASSETCATALOG_COMPILER_GENERATE_SWIFT_ASSET_SYMBOL_EXTENSIONS = YES;
				CLANG_ANALYZER_NONNULL = YES;
				CLANG_ANALYZER_NUMBER_OBJECT_CONVERSION = YES_AGGRESSIVE;
				CLANG_CXX_LANGUAGE_STANDARD = "gnu++20";
				CLANG_ENABLE_MODULES = YES;
				CLANG_ENABLE_OBJC_ARC = YES;
				CLANG_ENABLE_OBJC_WEAK = YES;
				CLANG_WARN_BLOCK_CAPTURE_AUTORELEASING = YES;
				CLANG_WARN_BOOL_CONVERSION = YES;
				CLANG_WARN_COMMA = YES;
				CLANG_WARN_CONSTANT_CONVERSION = YES;
				CLANG_WARN_DEPRECATED_OBJC_IMPLEMENTATIONS = YES;
				CLANG_WARN_DIRECT_OBJC_ISA_USAGE = YES_ERROR;
				CLANG_WARN_DOCUMENTATION_COMMENTS = YES;
				CLANG_WARN_EMPTY_BODY = YES;
				CLANG_WARN_ENUM_CONVERSION = YES;
				CLANG_WARN_INFINITE_RECURSION = YES;
				CLANG_WARN_INT_CONVERSION = YES;
				CLANG_WARN_NON_LITERAL_NULL_CONVERSION = YES;
				CLANG_WARN_OBJC_IMPLICIT_RETAIN_SELF = YES;
				CLANG_WARN_OBJC_LITERAL_CONVERSION = YES;
				CLANG_WARN_OBJC_ROOT_CLASS = YES_ERROR;
				CLANG_WARN_QUOTED_INCLUDE_IN_FRAMEWORK_HEADER = YES;
				CLANG_WARN_RANGE_LOOP_ANALYSIS = YES;
				CLANG_WARN_STRICT_PROTOTYPES = YES;
				CLANG_WARN_SUSPICIOUS_MOVE = YES;
				CLANG_WARN_UNGUARDED_AVAILABILITY = YES_AGGRESSIVE;
				CLANG_WARN_UNREACHABLE_CODE = YES;
				CLANG_WARN__DUPLICATE_METHOD_MATCH = YES;
				COPY_PHASE_STRIP = NO;
				DEBUG_INFORMATION_FORMAT = dwarf;
				ENABLE_STRICT_OBJC_MSGSEND = YES;
				ENABLE_TESTABILITY = YES;
				ENABLE_USER_SCRIPT_SANDBOXING = YES;
				GCC_C_LANGUAGE_STANDARD = gnu17;
				GCC_DYNAMIC_NO_PIC = NO;
				GCC_NO_COMMON_BLOCKS = YES;
				GCC_OPTIMIZATION_LEVEL = 0;
				GCC_PREPROCESSOR_DEFINITIONS = (
					"DEBUG=1",
					"$(inherited)",
				);
				GCC_WARN_64_TO_32_BIT_CONVERSION = YES;
				GCC_WARN_ABOUT_RETURN_TYPE = YES_ERROR;
				GCC_WARN_UNDECLARED_SELECTOR = YES;
				GCC_WARN_UNINITIALIZED_AUTOS = YES_AGGRESSIVE;
				GCC_WARN_UNUSED_FUNCTION = YES;
				GCC_WARN_UNUSED_VARIABLE = YES;
				LOCALIZATION_PREFERS_STRING_CATALOGS = YES;
				MTL_ENABLE_DEBUG_INFO = INCLUDE_SOURCE;
				MTL_FAST_MATH = YES;
				ONLY_ACTIVE_ARCH = YES;
				SWIFT_ACTIVE_COMPILATION_CONDITIONS = "DEBUG $(inherited)";
				SWIFT_OPTIMIZATION_LEVEL = "-Onone";
			};
			name = Debug;
		};
		B8A272742AEB58B300607CFC /* Release */ = {
			isa = XCBuildConfiguration;
			buildSettings = {
				ALWAYS_SEARCH_USER_PATHS = NO;
				ASSETCATALOG_COMPILER_GENERATE_SWIFT_ASSET_SYMBOL_EXTENSIONS = YES;
				CLANG_ANALYZER_NONNULL = YES;
				CLANG_ANALYZER_NUMBER_OBJECT_CONVERSION = YES_AGGRESSIVE;
				CLANG_CXX_LANGUAGE_STANDARD = "gnu++20";
				CLANG_ENABLE_MODULES = YES;
				CLANG_ENABLE_OBJC_ARC = YES;
				CLANG_ENABLE_OBJC_WEAK = YES;
				CLANG_WARN_BLOCK_CAPTURE_AUTORELEASING = YES;
				CLANG_WARN_BOOL_CONVERSION = YES;
				CLANG_WARN_COMMA = YES;
				CLANG_WARN_CONSTANT_CONVERSION = YES;
				CLANG_WARN_DEPRECATED_OBJC_IMPLEMENTATIONS = YES;
				CLANG_WARN_DIRECT_OBJC_ISA_USAGE = YES_ERROR;
				CLANG_WARN_DOCUMENTATION_COMMENTS = YES;
				CLANG_WARN_EMPTY_BODY = YES;
				CLANG_WARN_ENUM_CONVERSION = YES;
				CLANG_WARN_INFINITE_RECURSION = YES;
				CLANG_WARN_INT_CONVERSION = YES;
				CLANG_WARN_NON_LITERAL_NULL_CONVERSION = YES;
				CLANG_WARN_OBJC_IMPLICIT_RETAIN_SELF = YES;
				CLANG_WARN_OBJC_LITERAL_CONVERSION = YES;
				CLANG_WARN_OBJC_ROOT_CLASS = YES_ERROR;
				CLANG_WARN_QUOTED_INCLUDE_IN_FRAMEWORK_HEADER = YES;
				CLANG_WARN_RANGE_LOOP_ANALYSIS = YES;
				CLANG_WARN_STRICT_PROTOTYPES = YES;
				CLANG_WARN_SUSPICIOUS_MOVE = YES;
				CLANG_WARN_UNGUARDED_AVAILABILITY = YES_AGGRESSIVE;
				CLANG_WARN_UNREACHABLE_CODE = YES;
				CLANG_WARN__DUPLICATE_METHOD_MATCH = YES;
				COPY_PHASE_STRIP = NO;
				DEBUG_INFORMATION_FORMAT = "dwarf-with-dsym";
				ENABLE_NS_ASSERTIONS = NO;
				ENABLE_STRICT_OBJC_MSGSEND = YES;
				ENABLE_USER_SCRIPT_SANDBOXING = YES;
				GCC_C_LANGUAGE_STANDARD = gnu17;
				GCC_NO_COMMON_BLOCKS = YES;
				GCC_WARN_64_TO_32_BIT_CONVERSION = YES;
				GCC_WARN_ABOUT_RETURN_TYPE = YES_ERROR;
				GCC_WARN_UNDECLARED_SELECTOR = YES;
				GCC_WARN_UNINITIALIZED_AUTOS = YES_AGGRESSIVE;
				GCC_WARN_UNUSED_FUNCTION = YES;
				GCC_WARN_UNUSED_VARIABLE = YES;
				LOCALIZATION_PREFERS_STRING_CATALOGS = YES;
				MTL_ENABLE_DEBUG_INFO = NO;
				MTL_FAST_MATH = YES;
				SWIFT_COMPILATION_MODE = wholemodule;
			};
			name = Release;
		};
		B8A272762AEB58B300607CFC /* Debug */ = {
			isa = XCBuildConfiguration;
			buildSettings = {
				ASSETCATALOG_COMPILER_APPICON_NAME = AppIcon;
				ASSETCATALOG_COMPILER_GLOBAL_ACCENT_COLOR_NAME = AccentColor;
				CODE_SIGN_ENTITLEMENTS = testKakaoApp/testKakaoApp.entitlements;
				CODE_SIGN_STYLE = Automatic;
				CURRENT_PROJECT_VERSION = 1;
				DEVELOPMENT_ASSET_PATHS = "\"testKakaoApp/Preview Content\"";
				DEVELOPMENT_TEAM = XTWY3K68T9;
				ENABLE_HARDENED_RUNTIME = YES;
				ENABLE_PREVIEWS = YES;
				GENERATE_INFOPLIST_FILE = YES;
				INFOPLIST_FILE = testKakaoApp/Info.plist;
				"INFOPLIST_KEY_UIApplicationSceneManifest_Generation[sdk=iphoneos*]" = YES;
				"INFOPLIST_KEY_UIApplicationSceneManifest_Generation[sdk=iphonesimulator*]" = YES;
				"INFOPLIST_KEY_UIApplicationSupportsIndirectInputEvents[sdk=iphoneos*]" = YES;
				"INFOPLIST_KEY_UIApplicationSupportsIndirectInputEvents[sdk=iphonesimulator*]" = YES;
				"INFOPLIST_KEY_UILaunchScreen_Generation[sdk=iphoneos*]" = YES;
				"INFOPLIST_KEY_UILaunchScreen_Generation[sdk=iphonesimulator*]" = YES;
				"INFOPLIST_KEY_UIStatusBarStyle[sdk=iphoneos*]" = UIStatusBarStyleDefault;
				"INFOPLIST_KEY_UIStatusBarStyle[sdk=iphonesimulator*]" = UIStatusBarStyleDefault;
				INFOPLIST_KEY_UISupportedInterfaceOrientations_iPad = "UIInterfaceOrientationPortrait UIInterfaceOrientationPortraitUpsideDown UIInterfaceOrientationLandscapeLeft UIInterfaceOrientationLandscapeRight";
				INFOPLIST_KEY_UISupportedInterfaceOrientations_iPhone = "UIInterfaceOrientationPortrait UIInterfaceOrientationLandscapeLeft UIInterfaceOrientationLandscapeRight";
				IPHONEOS_DEPLOYMENT_TARGET = 17.0;
				LD_RUNPATH_SEARCH_PATHS = "@executable_path/Frameworks";
				"LD_RUNPATH_SEARCH_PATHS[sdk=macosx*]" = "@executable_path/../Frameworks";
				MACOSX_DEPLOYMENT_TARGET = 13.5;
				MARKETING_VERSION = 1.0;
				PRODUCT_BUNDLE_IDENTIFIER = com.adbr.testKakaoApp;
				PRODUCT_NAME = "$(TARGET_NAME)";
				SDKROOT = auto;
				SUPPORTED_PLATFORMS = "iphoneos iphonesimulator macosx";
				SWIFT_EMIT_LOC_STRINGS = YES;
				SWIFT_VERSION = 5.0;
				TARGETED_DEVICE_FAMILY = "1,2";
			};
			name = Debug;
		};
		B8A272772AEB58B300607CFC /* Release */ = {
			isa = XCBuildConfiguration;
			buildSettings = {
				ASSETCATALOG_COMPILER_APPICON_NAME = AppIcon;
				ASSETCATALOG_COMPILER_GLOBAL_ACCENT_COLOR_NAME = AccentColor;
				CODE_SIGN_ENTITLEMENTS = testKakaoApp/testKakaoApp.entitlements;
				CODE_SIGN_STYLE = Automatic;
				CURRENT_PROJECT_VERSION = 1;
				DEVELOPMENT_ASSET_PATHS = "\"testKakaoApp/Preview Content\"";
				DEVELOPMENT_TEAM = XTWY3K68T9;
				ENABLE_HARDENED_RUNTIME = YES;
				ENABLE_PREVIEWS = YES;
				GENERATE_INFOPLIST_FILE = YES;
				INFOPLIST_FILE = testKakaoApp/Info.plist;
				"INFOPLIST_KEY_UIApplicationSceneManifest_Generation[sdk=iphoneos*]" = YES;
				"INFOPLIST_KEY_UIApplicationSceneManifest_Generation[sdk=iphonesimulator*]" = YES;
				"INFOPLIST_KEY_UIApplicationSupportsIndirectInputEvents[sdk=iphoneos*]" = YES;
				"INFOPLIST_KEY_UIApplicationSupportsIndirectInputEvents[sdk=iphonesimulator*]" = YES;
				"INFOPLIST_KEY_UILaunchScreen_Generation[sdk=iphoneos*]" = YES;
				"INFOPLIST_KEY_UILaunchScreen_Generation[sdk=iphonesimulator*]" = YES;
				"INFOPLIST_KEY_UIStatusBarStyle[sdk=iphoneos*]" = UIStatusBarStyleDefault;
				"INFOPLIST_KEY_UIStatusBarStyle[sdk=iphonesimulator*]" = UIStatusBarStyleDefault;
				INFOPLIST_KEY_UISupportedInterfaceOrientations_iPad = "UIInterfaceOrientationPortrait UIInterfaceOrientationPortraitUpsideDown UIInterfaceOrientationLandscapeLeft UIInterfaceOrientationLandscapeRight";
				INFOPLIST_KEY_UISupportedInterfaceOrientations_iPhone = "UIInterfaceOrientationPortrait UIInterfaceOrientationLandscapeLeft UIInterfaceOrientationLandscapeRight";
				IPHONEOS_DEPLOYMENT_TARGET = 17.0;
				LD_RUNPATH_SEARCH_PATHS = "@executable_path/Frameworks";
				"LD_RUNPATH_SEARCH_PATHS[sdk=macosx*]" = "@executable_path/../Frameworks";
				MACOSX_DEPLOYMENT_TARGET = 13.5;
				MARKETING_VERSION = 1.0;
				PRODUCT_BUNDLE_IDENTIFIER = com.adbr.testKakaoApp;
				PRODUCT_NAME = "$(TARGET_NAME)";
				SDKROOT = auto;
				SUPPORTED_PLATFORMS = "iphoneos iphonesimulator macosx";
				SWIFT_EMIT_LOC_STRINGS = YES;
				SWIFT_VERSION = 5.0;
				TARGETED_DEVICE_FAMILY = "1,2";
			};
			name = Release;
		};
		B8A272792AEB58B300607CFC /* Debug */ = {
			isa = XCBuildConfiguration;
			buildSettings = {
				ALWAYS_EMBED_SWIFT_STANDARD_LIBRARIES = YES;
				BUNDLE_LOADER = "$(TEST_HOST)";
				CODE_SIGN_STYLE = Automatic;
				CURRENT_PROJECT_VERSION = 1;
				DEVELOPMENT_TEAM = XTWY3K68T9;
				GENERATE_INFOPLIST_FILE = YES;
				IPHONEOS_DEPLOYMENT_TARGET = 17.0;
				MACOSX_DEPLOYMENT_TARGET = 13.5;
				MARKETING_VERSION = 1.0;
				PRODUCT_BUNDLE_IDENTIFIER = com.adbr.testKakaoAppTests;
				PRODUCT_NAME = "$(TARGET_NAME)";
				SDKROOT = auto;
				SUPPORTED_PLATFORMS = "iphoneos iphonesimulator macosx";
				SWIFT_EMIT_LOC_STRINGS = NO;
				SWIFT_VERSION = 5.0;
				TARGETED_DEVICE_FAMILY = "1,2";
				TEST_HOST = "$(BUILT_PRODUCTS_DIR)/testKakaoApp.app/$(BUNDLE_EXECUTABLE_FOLDER_PATH)/testKakaoApp";
			};
			name = Debug;
		};
		B8A2727A2AEB58B300607CFC /* Release */ = {
			isa = XCBuildConfiguration;
			buildSettings = {
				ALWAYS_EMBED_SWIFT_STANDARD_LIBRARIES = YES;
				BUNDLE_LOADER = "$(TEST_HOST)";
				CODE_SIGN_STYLE = Automatic;
				CURRENT_PROJECT_VERSION = 1;
				DEVELOPMENT_TEAM = XTWY3K68T9;
				GENERATE_INFOPLIST_FILE = YES;
				IPHONEOS_DEPLOYMENT_TARGET = 17.0;
				MACOSX_DEPLOYMENT_TARGET = 13.5;
				MARKETING_VERSION = 1.0;
				PRODUCT_BUNDLE_IDENTIFIER = com.adbr.testKakaoAppTests;
				PRODUCT_NAME = "$(TARGET_NAME)";
				SDKROOT = auto;
				SUPPORTED_PLATFORMS = "iphoneos iphonesimulator macosx";
				SWIFT_EMIT_LOC_STRINGS = NO;
				SWIFT_VERSION = 5.0;
				TARGETED_DEVICE_FAMILY = "1,2";
				TEST_HOST = "$(BUILT_PRODUCTS_DIR)/testKakaoApp.app/$(BUNDLE_EXECUTABLE_FOLDER_PATH)/testKakaoApp";
			};
			name = Release;
		};
		B8A2727C2AEB58B300607CFC /* Debug */ = {
			isa = XCBuildConfiguration;
			buildSettings = {
				ALWAYS_EMBED_SWIFT_STANDARD_LIBRARIES = YES;
				CODE_SIGN_STYLE = Automatic;
				CURRENT_PROJECT_VERSION = 1;
				DEVELOPMENT_TEAM = XTWY3K68T9;
				GENERATE_INFOPLIST_FILE = YES;
				IPHONEOS_DEPLOYMENT_TARGET = 17.0;
				MACOSX_DEPLOYMENT_TARGET = 13.5;
				MARKETING_VERSION = 1.0;
				PRODUCT_BUNDLE_IDENTIFIER = com.adbr.testKakaoAppUITests;
				PRODUCT_NAME = "$(TARGET_NAME)";
				SDKROOT = auto;
				SUPPORTED_PLATFORMS = "iphoneos iphonesimulator macosx";
				SWIFT_EMIT_LOC_STRINGS = NO;
				SWIFT_VERSION = 5.0;
				TARGETED_DEVICE_FAMILY = "1,2";
				TEST_TARGET_NAME = testKakaoApp;
			};
			name = Debug;
		};
		B8A2727D2AEB58B300607CFC /* Release */ = {
			isa = XCBuildConfiguration;
			buildSettings = {
				ALWAYS_EMBED_SWIFT_STANDARD_LIBRARIES = YES;
				CODE_SIGN_STYLE = Automatic;
				CURRENT_PROJECT_VERSION = 1;
				DEVELOPMENT_TEAM = XTWY3K68T9;
				GENERATE_INFOPLIST_FILE = YES;
				IPHONEOS_DEPLOYMENT_TARGET = 17.0;
				MACOSX_DEPLOYMENT_TARGET = 13.5;
				MARKETING_VERSION = 1.0;
				PRODUCT_BUNDLE_IDENTIFIER = com.adbr.testKakaoAppUITests;
				PRODUCT_NAME = "$(TARGET_NAME)";
				SDKROOT = auto;
				SUPPORTED_PLATFORMS = "iphoneos iphonesimulator macosx";
				SWIFT_EMIT_LOC_STRINGS = NO;
				SWIFT_VERSION = 5.0;
				TARGETED_DEVICE_FAMILY = "1,2";
				TEST_TARGET_NAME = testKakaoApp;
			};
			name = Release;
		};
/* End XCBuildConfiguration section */

/* Begin XCConfigurationList section */
		B8A272462AEB58B100607CFC /* Build configuration list for PBXProject "testKakaoApp" */ = {
			isa = XCConfigurationList;
			buildConfigurations = (
				B8A272732AEB58B300607CFC /* Debug */,
				B8A272742AEB58B300607CFC /* Release */,
			);
			defaultConfigurationIsVisible = 0;
			defaultConfigurationName = Release;
		};
		B8A272752AEB58B300607CFC /* Build configuration list for PBXNativeTarget "testKakaoApp" */ = {
			isa = XCConfigurationList;
			buildConfigurations = (
				B8A272762AEB58B300607CFC /* Debug */,
				B8A272772AEB58B300607CFC /* Release */,
			);
			defaultConfigurationIsVisible = 0;
			defaultConfigurationName = Release;
		};
		B8A272782AEB58B300607CFC /* Build configuration list for PBXNativeTarget "testKakaoAppTests" */ = {
			isa = XCConfigurationList;
			buildConfigurations = (
				B8A272792AEB58B300607CFC /* Debug */,
				B8A2727A2AEB58B300607CFC /* Release */,
			);
			defaultConfigurationIsVisible = 0;
			defaultConfigurationName = Release;
		};
		B8A2727B2AEB58B300607CFC /* Build configuration list for PBXNativeTarget "testKakaoAppUITests" */ = {
			isa = XCConfigurationList;
			buildConfigurations = (
				B8A2727C2AEB58B300607CFC /* Debug */,
				B8A2727D2AEB58B300607CFC /* Release */,
			);
			defaultConfigurationIsVisible = 0;
			defaultConfigurationName = Release;
		};
/* End XCConfigurationList section */

/* Begin XCRemoteSwiftPackageReference section */
		B8A2727E2AEB632F00607CFC /* XCRemoteSwiftPackageReference "kakao-ios-sdk" */ = {
			isa = XCRemoteSwiftPackageReference;
			repositoryURL = "https://github.com/kakao/kakao-ios-sdk";
			requirement = {
				branch = master;
				kind = branch;
			};
		};
/* End XCRemoteSwiftPackageReference section */

/* Begin XCVersionGroup section */
		B8A272522AEB58B100607CFC /* testKakaoApp.xcdatamodeld */ = {
			isa = XCVersionGroup;
			children = (
				B8A272532AEB58B100607CFC /* testKakaoApp.xcdatamodel */,
			);
			currentVersion = B8A272532AEB58B100607CFC /* testKakaoApp.xcdatamodel */;
			path = testKakaoApp.xcdatamodeld;
			sourceTree = "<group>";
			versionGroupType = wrapper.xcdatamodel;
		};
/* End XCVersionGroup section */
	};
	rootObject = B8A272432AEB58B100607CFC /* Project object */;
}
